
Microsoft Visual Studio Solution File, Format Version 12.00
Project("{FAE04EC0-301F-11D3-BF4B-00C04F79EFBC}") = "CardGameInRomanColiseum", "CardGameInRomanColiseum\CardGameInRomanColiseum.csproj", "{B8AEB778-66B6-4D5C-8D84-72B795C370C0}"
EndProject
Project("{FAE04EC0-301F-11D3-BF4B-00C04F79EFBC}") = "CardGameInRomanColiseumTests", "CardGameInRomanColiseumTests\CardGameInRomanColiseumTests.csproj", "{42CCBB06-27B4-4EEA-B7A0-44788AFFF20C}"
EndProject
Project("{FAE04EC0-301F-11D3-BF4B-00C04F79EFBC}") = "CardGameInRomanColiseumDI", "CardGameInRomanColiseumDI\CardGameInRomanColiseumDI.csproj", "{4F65591B-9619-4772-BBF4-8484BAD0D787}"
EndProject
Global
	GlobalSection(SolutionConfigurationPlatforms) = preSolution
		Debug|Any CPU = Debug|Any CPU
		Release|Any CPU = Release|Any CPU
	EndGlobalSection
	GlobalSection(ProjectConfigurationPlatforms) = postSolution
		{B8AEB778-66B6-4D5C-8D84-72B795C370C0}.Debug|Any CPU.ActiveCfg = Debug|Any CPU
		{B8AEB778-66B6-4D5C-8D84-72B795C370C0}.Debug|Any CPU.Build.0 = Debug|Any CPU
		{B8AEB778-66B6-4D5C-8D84-72B795C370C0}.Release|Any CPU.ActiveCfg = Release|Any CPU
		{B8AEB778-66B6-4D5C-8D84-72B795C370C0}.Release|Any CPU.Build.0 = Release|Any CPU
		{42CCBB06-27B4-4EEA-B7A0-44788AFFF20C}.Debug|Any CPU.ActiveCfg = Debug|Any CPU
		{42CCBB06-27B4-4EEA-B7A0-44788AFFF20C}.Debug|Any CPU.Build.0 = Debug|Any CPU
		{42CCBB06-27B4-4EEA-B7A0-44788AFFF20C}.Release|Any CPU.ActiveCfg = Release|Any CPU
		{42CCBB06-27B4-4EEA-B7A0-44788AFFF20C}.Release|Any CPU.Build.0 = Release|Any CPU
		{4F65591B-9619-4772-BBF4-8484BAD0D787}.Debug|Any CPU.ActiveCfg = Debug|Any CPU
		{4F65591B-9619-4772-BBF4-8484BAD0D787}.Debug|Any CPU.Build.0 = Debug|Any CPU
		{4F65591B-9619-4772-BBF4-8484BAD0D787}.Release|Any CPU.ActiveCfg = Release|Any CPU
		{4F65591B-9619-4772-BBF4-8484BAD0D787}.Release|Any CPU.Build.0 = Release|Any CPU
	EndGlobalSection
EndGlobal
